
Microsoft Visual Studio Solution File, Format Version 11.00
# Visual Studio 2010
Project("{FAE04EC0-301F-11D3-BF4B-00C04F79EFBC}") = "Grapics3DSample", "Graphics3DSample_MonoGame\Grapics3DSample.csproj", "{6CB1D90A-1EE1-4FE7-A45B-BE2A7869206C}"
EndProject
Global
	GlobalSection(SolutionConfigurationPlatforms) = preSolution
		Debug|x86 = Debug|x86
		MonoGame|x86 = MonoGame|x86
		Release|x86 = Release|x86
		XNA|x86 = XNA|x86
	EndGlobalSection
	GlobalSection(ProjectConfigurationPlatforms) = postSolution
		{6CB1D90A-1EE1-4FE7-A45B-BE2A7869206C}.Debug|x86.ActiveCfg = Debug|x86
		{6CB1D90A-1EE1-4FE7-A45B-BE2A7869206C}.Debug|x86.Build.0 = Debug|x86
		{6CB1D90A-1EE1-4FE7-A45B-BE2A7869206C}.MonoGame|x86.ActiveCfg = Debug|x86
		{6CB1D90A-1EE1-4FE7-A45B-BE2A7869206C}.MonoGame|x86.Build.0 = Debug|x86
		{6CB1D90A-1EE1-4FE7-A45B-BE2A7869206C}.Release|x86.ActiveCfg = Release|x86
		{6CB1D90A-1EE1-4FE7-A45B-BE2A7869206C}.Release|x86.Build.0 = Release|x86
		{6CB1D90A-1EE1-4FE7-A45B-BE2A7869206C}.XNA|x86.ActiveCfg = Debug|x86
	EndGlobalSection
	GlobalSection(SolutionProperties) = preSolution
		HideSolutionNode = FALSE
	EndGlobalSection
EndGlobal
